
Microsoft Visual Studio Solution File, Format Version 12.00
# Visual Studio 14
VisualStudioVersion = 14.0.23107.0
MinimumVisualStudioVersion = 10.0.40219.1
Project("{FAE04EC0-301F-11D3-BF4B-00C04F79EFBC}") = "LivePerformance2016", "LivePerformance2016.csproj", "{DFBA60AE-4228-4B76-8BC2-BF182100CDA2}"
EndProject
Project("{FAE04EC0-301F-11D3-BF4B-00C04F79EFBC}") = "UnitTestProject1", "..\UnitTestProject1\UnitTestProject1.csproj", "{04FF86A9-1CE8-4A1B-ACFD-268033900577}"
EndProject
Global
	GlobalSection(SolutionConfigurationPlatforms) = preSolution
		Debug|Any CPU = Debug|Any CPU
		Release|Any CPU = Release|Any CPU
	EndGlobalSection
	GlobalSection(ProjectConfigurationPlatforms) = postSolution
		{DFBA60AE-4228-4B76-8BC2-BF182100CDA2}.Debug|Any CPU.ActiveCfg = Debug|Any CPU
		{DFBA60AE-4228-4B76-8BC2-BF182100CDA2}.Debug|Any CPU.Build.0 = Debug|Any CPU
		{DFBA60AE-4228-4B76-8BC2-BF182100CDA2}.Release|Any CPU.ActiveCfg = Release|Any CPU
		{DFBA60AE-4228-4B76-8BC2-BF182100CDA2}.Release|Any CPU.Build.0 = Release|Any CPU
		{04FF86A9-1CE8-4A1B-ACFD-268033900577}.Debug|Any CPU.ActiveCfg = Debug|Any CPU
		{04FF86A9-1CE8-4A1B-ACFD-268033900577}.Debug|Any CPU.Build.0 = Debug|Any CPU
		{04FF86A9-1CE8-4A1B-ACFD-268033900577}.Release|Any CPU.ActiveCfg = Release|Any CPU
		{04FF86A9-1CE8-4A1B-ACFD-268033900577}.Release|Any CPU.Build.0 = Release|Any CPU
	EndGlobalSection
	GlobalSection(SolutionProperties) = preSolution
		HideSolutionNode = FALSE
	EndGlobalSection
EndGlobal
